// !$*UTF8*$!
{
archiveVersion = 1;
classes = {};
objectVersion = 56;
objects = {

/* Begin PBXBuildFile section */
TRSAppSwiftBuild /* App.swift in Sources */ = {isa = PBXBuildFile; fileRef = TRSAppSwift /* App.swift */; };
TRSAssetsBuild /* Assets.xcassets in Resources */ = {isa = PBXBuildFile; fileRef = TRSAssets /* Assets.xcassets */; };
TRSAuthManagerBuild /* AuthManager.swift in Sources */ = {isa = PBXBuildFile; fileRef = TRSAuthManager /* AuthManager.swift */; };
TRSConfigStoreBuild /* ConfigStore.swift in Sources */ = {isa = PBXBuildFile; fileRef = TRSConfigStore /* ConfigStore.swift */; };
TRSHomeDashboardViewBuild /* HomeDashboardView.swift in Sources */ = {isa = PBXBuildFile; fileRef = TRSHomeDashboardView /* HomeDashboardView.swift */; };
TRSLaunchBuild /* LaunchScreen.storyboard in Resources */ = {isa = PBXBuildFile; fileRef = TRSLaunch /* LaunchScreen.storyboard */; };
TRSNetworkingBuild /* Networking.swift in Sources */ = {isa = PBXBuildFile; fileRef = TRSNetworking /* Networking.swift */; };
TRSPrimaryButtonBuild /* PrimaryButton.swift in Sources */ = {isa = PBXBuildFile; fileRef = TRSPrimaryButton /* PrimaryButton.swift */; };
TRSRemoteCommandViewModelBuild /* RemoteCommandViewModel.swift in Sources */ = {isa = PBXBuildFile; fileRef = TRSRemoteCommandViewModel /* RemoteCommandViewModel.swift */; };
TRSRemoteVehicleServiceBuild /* RemoteVehicleService.swift in Sources */ = {isa = PBXBuildFile; fileRef = TRSRemoteVehicleService /* RemoteVehicleService.swift */; };
TRSRootTabViewBuild /* RootTabView.swift in Sources */ = {isa = PBXBuildFile; fileRef = TRSRootTabView /* RootTabView.swift */; };
TRSSettingsViewBuild /* SettingsView.swift in Sources */ = {isa = PBXBuildFile; fileRef = TRSSettingsView /* SettingsView.swift */; };
TRSVehicleDetailsViewBuild /* VehicleDetailsView.swift in Sources */ = {isa = PBXBuildFile; fileRef = TRSVehicleDetailsView /* VehicleDetailsView.swift */; };
TRSVehicleLocationViewBuild /* VehicleLocationView.swift in Sources */ = {isa = PBXBuildFile; fileRef = TRSVehicleLocationView /* VehicleLocationView.swift */; };
TRSVehicleModelsBuild /* VehicleModels.swift in Sources */ = {isa = PBXBuildFile; fileRef = TRSVehicleModels /* VehicleModels.swift */; };
TRSVehicleStatusViewModelBuild /* VehicleStatusViewModel.swift in Sources */ = {isa = PBXBuildFile; fileRef = TRSVehicleStatusViewModel /* VehicleStatusViewModel.swift */; };
TRSVehiclesViewModelBuild /* VehiclesViewModel.swift in Sources */ = {isa = PBXBuildFile; fileRef = TRSVehiclesViewModel /* VehiclesViewModel.swift */; };
TRSWeatherClientBuild /* WeatherClient.swift in Sources */ = {isa = PBXBuildFile; fileRef = TRSWeatherClient /* WeatherClient.swift */; };
/* End PBXBuildFile section */

/* Begin PBXFileReference section */
TRSAppSwift /* App.swift */ = {isa = PBXFileReference; lastKnownFileType = sourcecode.swift; path = App.swift; };
TRSAssets /* Assets.xcassets */ = {isa = PBXFileReference; lastKnownFileType = folder.assetcatalog; path = Assets.xcassets; };
TRSAuthManager /* AuthManager.swift */ = {isa = PBXFileReference; lastKnownFileType = sourcecode.swift; name = AuthManager.swift; path = Services/AuthManager.swift; };
TRSConfigStore /* ConfigStore.swift */ = {isa = PBXFileReference; lastKnownFileType = sourcecode.swift; name = ConfigStore.swift; path = Services/ConfigStore.swift; };
TRSHomeDashboardView /* HomeDashboardView.swift */ = {isa = PBXFileReference; lastKnownFileType = sourcecode.swift; name = HomeDashboardView.swift; path = Views/HomeDashboardView.swift; };
TRSInfo /* Info.plist */ = {isa = PBXFileReference; lastKnownFileType = text.plist.xml; path = Info.plist; };
TRSLaunch /* LaunchScreen.storyboard */ = {isa = PBXFileReference; lastKnownFileType = file.storyboard; name = LaunchScreen.storyboard; path = Resources/LaunchScreen.storyboard; };
TRSNetworking /* Networking.swift */ = {isa = PBXFileReference; lastKnownFileType = sourcecode.swift; name = Networking.swift; path = Services/Networking.swift; };
TRSPrimaryButton /* PrimaryButton.swift */ = {isa = PBXFileReference; lastKnownFileType = sourcecode.swift; name = PrimaryButton.swift; path = Views/Components/PrimaryButton.swift; };
TRSRemoteCommandViewModel /* RemoteCommandViewModel.swift */ = {isa = PBXFileReference; lastKnownFileType = sourcecode.swift; name = RemoteCommandViewModel.swift; path = ViewModels/RemoteCommandViewModel.swift; };
TRSRemoteVehicleService /* RemoteVehicleService.swift */ = {isa = PBXFileReference; lastKnownFileType = sourcecode.swift; name = RemoteVehicleService.swift; path = Services/RemoteVehicleService.swift; };
TRSRootTabView /* RootTabView.swift */ = {isa = PBXFileReference; lastKnownFileType = sourcecode.swift; name = RootTabView.swift; path = Views/RootTabView.swift; };
TRSSettingsView /* SettingsView.swift */ = {isa = PBXFileReference; lastKnownFileType = sourcecode.swift; name = SettingsView.swift; path = Views/SettingsView.swift; };
TRSVehicleDetailsView /* VehicleDetailsView.swift */ = {isa = PBXFileReference; lastKnownFileType = sourcecode.swift; name = VehicleDetailsView.swift; path = Views/VehicleDetailsView.swift; };
TRSVehicleLocationView /* VehicleLocationView.swift */ = {isa = PBXFileReference; lastKnownFileType = sourcecode.swift; name = VehicleLocationView.swift; path = Views/VehicleLocationView.swift; };
TRSVehicleModels /* VehicleModels.swift */ = {isa = PBXFileReference; lastKnownFileType = sourcecode.swift; name = VehicleModels.swift; path = Models/VehicleModels.swift; };
TRSVehicleStatusViewModel /* VehicleStatusViewModel.swift */ = {isa = PBXFileReference; lastKnownFileType = sourcecode.swift; name = VehicleStatusViewModel.swift; path = ViewModels/VehicleStatusViewModel.swift; };
TRSVehiclesViewModel /* VehiclesViewModel.swift */ = {isa = PBXFileReference; lastKnownFileType = sourcecode.swift; name = VehiclesViewModel.swift; path = ViewModels/VehiclesViewModel.swift; };
TRSWeatherClient /* WeatherClient.swift */ = {isa = PBXFileReference; lastKnownFileType = sourcecode.swift; name = WeatherClient.swift; path = Services/WeatherClient.swift; };
TRSEntitlements /* TruckRemoteStart.entitlements */ = {isa = PBXFileReference; lastKnownFileType = text.plist.entitlements; path = TruckRemoteStart.entitlements; };
TRSProduct /* TruckRemoteStart.app */ = {isa = PBXFileReference; explicitFileType = wrapper.application; includeInIndex = 0; path = TruckRemoteStart.app; sourceTree = BUILT_PRODUCTS_DIR; };
/* End PBXFileReference section */

/* Begin PBXFrameworksBuildPhase section */
TRSFrameworks /* Frameworks */ = {isa = PBXFrameworksBuildPhase; buildActionMask = 2147483647; files = (); runOnlyForDeploymentPostprocessing = 0; };
/* End PBXFrameworksBuildPhase section */

/* Begin PBXGroup section */
TRSGroup /* Project */ = {
isa = PBXGroup;
children = (
TRSAppSwift /* App.swift */,
TRSModels /* Models */,
TRSServices /* Services */,
TRSViewModels /* ViewModels */,
TRSViews /* Views */,
TRSAssets /* Assets.xcassets */,
TRSLaunch /* LaunchScreen.storyboard */,
TRSEntitlements /* TruckRemoteStart.entitlements */,
TRSInfo /* Info.plist */,
TRSProducts /* Products */,
);
sourceTree = "<group>";
}; 
TRSProducts /* Products */ = {
isa = PBXGroup;
children = (
TRSProduct /* TruckRemoteStart.app */,
);
name = Products;
sourceTree = "<group>";
}; 
TRSModels /* Models */ = {
isa = PBXGroup;
children = (
TRSVehicleModels /* VehicleModels.swift */,
);
path = Models;
sourceTree = "<group>";
};
TRSServices /* Services */ = {
isa = PBXGroup;
children = (
TRSAuthManager /* AuthManager.swift */,
TRSConfigStore /* ConfigStore.swift */,
TRSNetworking /* Networking.swift */,
TRSRemoteVehicleService /* RemoteVehicleService.swift */,
TRSWeatherClient /* WeatherClient.swift */,
);
path = Services;
sourceTree = "<group>";
};
TRSViewModels /* ViewModels */ = {
isa = PBXGroup;
children = (
TRSRemoteCommandViewModel /* RemoteCommandViewModel.swift */,
TRSVehicleStatusViewModel /* VehicleStatusViewModel.swift */,
TRSVehiclesViewModel /* VehiclesViewModel.swift */,
);
path = ViewModels;
sourceTree = "<group>";
};
TRSViews /* Views */ = {
isa = PBXGroup;
children = (
TRSHomeDashboardView /* HomeDashboardView.swift */,
TRSRootTabView /* RootTabView.swift */,
TRSSettingsView /* SettingsView.swift */,
TRSVehicleDetailsView /* VehicleDetailsView.swift */,
TRSVehicleLocationView /* VehicleLocationView.swift */,
TRSViewComponents /* Components */,
);
path = Views;
sourceTree = "<group>";
};
TRSViewComponents /* Components */ = {
isa = PBXGroup;
children = (
TRSPrimaryButton /* PrimaryButton.swift */,
);
path = Components;
sourceTree = "<group>";
};
/* End PBXGroup section */

/* Begin PBXNativeTarget section */
TRSTarget /* TruckRemoteStart */ = {
isa = PBXNativeTarget;
buildConfigurationList = TRSTargetConfigList /* Build configuration list for PBXNativeTarget "TruckRemoteStart" */;
buildPhases = (
TRSSources /* Sources */,
TRSFrameworks /* Frameworks */,
TRSResources /* Resources */,
);
buildRules = (
);
dependencies = (
);
name = TruckRemoteStart;
productName = TruckRemoteStart;
productReference = TRSProduct /* TruckRemoteStart.app */;
productType = "com.apple.product-type.application";
};
/* End PBXNativeTarget section */

/* Begin PBXProject section */
TRSProject /* Project object */ = {
isa = PBXProject;
attributes = {
BuildIndependentTargetsInParallel = 1;
LastSwiftUpdateCheck = 1500;
LastUpgradeCheck = 1500;
TargetAttributes = {
TRSTarget = {
DevelopmentTeam = "";
SystemCapabilities = {
com.apple.Push = {
enabled = 1;
};
};
};
};
};
buildConfigurationList = TRSProjectConfigList /* Build configuration list for PBXProject "TruckRemoteStart" */;
compatibilityVersion = "Xcode 15.0";
developmentRegion = en;
hasScannedForEncodings = 0;
knownRegions = (
en,
);
mainGroup = TRSGroup /* Project */;
productRefGroup = TRSProducts /* Products */;
projectDirPath = "";
projectRoot = "";
targets = (
TRSTarget /* TruckRemoteStart */,
);
};
/* End PBXProject section */

/* Begin PBXResourcesBuildPhase section */
TRSResources /* Resources */ = {
isa = PBXResourcesBuildPhase;
buildActionMask = 2147483647;
files = (
TRSAssetsBuild /* Assets.xcassets in Resources */,
TRSLaunchBuild /* LaunchScreen.storyboard in Resources */,
);
runOnlyForDeploymentPostprocessing = 0;
};
/* End PBXResourcesBuildPhase section */

/* Begin PBXSourcesBuildPhase section */
TRSSources /* Sources */ = {
isa = PBXSourcesBuildPhase;
buildActionMask = 2147483647;
files = (
TRSAppSwiftBuild /* App.swift in Sources */,
TRSAuthManagerBuild /* AuthManager.swift in Sources */,
TRSConfigStoreBuild /* ConfigStore.swift in Sources */,
TRSHomeDashboardViewBuild /* HomeDashboardView.swift in Sources */,
TRSNetworkingBuild /* Networking.swift in Sources */,
TRSPrimaryButtonBuild /* PrimaryButton.swift in Sources */,
TRSRemoteCommandViewModelBuild /* RemoteCommandViewModel.swift in Sources */,
TRSRemoteVehicleServiceBuild /* RemoteVehicleService.swift in Sources */,
TRSRootTabViewBuild /* RootTabView.swift in Sources */,
TRSSettingsViewBuild /* SettingsView.swift in Sources */,
TRSVehicleDetailsViewBuild /* VehicleDetailsView.swift in Sources */,
TRSVehicleLocationViewBuild /* VehicleLocationView.swift in Sources */,
TRSVehicleModelsBuild /* VehicleModels.swift in Sources */,
TRSVehicleStatusViewModelBuild /* VehicleStatusViewModel.swift in Sources */,
TRSVehiclesViewModelBuild /* VehiclesViewModel.swift in Sources */,
TRSWeatherClientBuild /* WeatherClient.swift in Sources */,
);
runOnlyForDeploymentPostprocessing = 0;
};
/* End PBXSourcesBuildPhase section */

/* Begin XCBuildConfiguration section */
TRSProjectDebug /* Debug */ = {
isa = XCBuildConfiguration;
buildSettings = {
ALWAYS_SEARCH_USER_PATHS = NO;
CLANG_ANALYZER_NONNULL = YES;
CLANG_ANALYZER_NUMBER_OBJECT_CONVERSION = YES_AGGRESSIVE;
CLANG_CXX_LANGUAGE_STANDARD = "gnu++20";
CLANG_ENABLE_MODULES = YES;
CLANG_ENABLE_OBJC_ARC = YES;
CLANG_WARN_DOCUMENTATION_COMMENTS = YES;
CLANG_WARN_UNGUARDED_AVAILABILITY = YES_AGGRESSIVE;
CODE_SIGN_IDENTITY = "Apple Development";
CODE_SIGN_STYLE = Automatic;
CURRENT_PROJECT_VERSION = 1;
DEVELOPMENT_TEAM = "";
ENABLE_STRICT_OBJC_MSGSEND = YES;
GCC_C_LANGUAGE_STANDARD = gnu11;
IPHONEOS_DEPLOYMENT_TARGET = 16.0;
LD_RUNPATH_SEARCH_PATHS = "$(inherited) @executable_path/Frameworks";
MARKETING_VERSION = 1.0;
MTL_ENABLE_DEBUG_INFO = INCLUDE_SOURCE;
ONLY_ACTIVE_ARCH = YES;
PRODUCT_BUNDLE_IDENTIFIER = com.example.TruckRemoteStart;
PRODUCT_NAME = "$(TARGET_NAME)";
SDKROOT = iphoneos;
SWIFT_ACTIVE_COMPILATION_CONDITIONS = DEBUG;
SWIFT_OPTIMIZATION_LEVEL = "-Onone";
TARGETED_DEVICE_FAMILY = "1";
};
name = Debug;
};
TRSProjectRelease /* Release */ = {
isa = XCBuildConfiguration;
buildSettings = {
ALWAYS_SEARCH_USER_PATHS = NO;
CLANG_ANALYZER_NONNULL = YES;
CLANG_ANALYZER_NUMBER_OBJECT_CONVERSION = YES_AGGRESSIVE;
CLANG_CXX_LANGUAGE_STANDARD = "gnu++20";
CLANG_ENABLE_MODULES = YES;
CLANG_ENABLE_OBJC_ARC = YES;
CLANG_WARN_DOCUMENTATION_COMMENTS = YES;
CLANG_WARN_UNGUARDED_AVAILABILITY = YES_AGGRESSIVE;
CODE_SIGN_IDENTITY = "Apple Development";
CODE_SIGN_STYLE = Automatic;
CURRENT_PROJECT_VERSION = 1;
DEVELOPMENT_TEAM = "";
ENABLE_STRICT_OBJC_MSGSEND = YES;
GCC_C_LANGUAGE_STANDARD = gnu11;
IPHONEOS_DEPLOYMENT_TARGET = 16.0;
LD_RUNPATH_SEARCH_PATHS = "$(inherited) @executable_path/Frameworks";
MARKETING_VERSION = 1.0;
PRODUCT_BUNDLE_IDENTIFIER = com.example.TruckRemoteStart;
PRODUCT_NAME = "$(TARGET_NAME)";
SDKROOT = iphoneos;
SWIFT_COMPILATION_MODE = wholemodule;
SWIFT_OPTIMIZATION_LEVEL = "-O";
TARGETED_DEVICE_FAMILY = "1";
};
name = Release;
};
TRSTargetDebug /* Debug */ = {
isa = XCBuildConfiguration;
buildSettings = {
ASSETCATALOG_COMPILER_APPICON_NAME = AppIcon;
CODE_SIGN_IDENTITY = "Apple Development";
CODE_SIGN_ENTITLEMENTS = TruckRemoteStart.entitlements;
CODE_SIGN_STYLE = Automatic;
DEVELOPMENT_TEAM = "";
INFOPLIST_FILE = Info.plist;
IPHONEOS_DEPLOYMENT_TARGET = 16.0;
LD_RUNPATH_SEARCH_PATHS = "$(inherited) @executable_path/Frameworks";
PRODUCT_BUNDLE_IDENTIFIER = com.example.TruckRemoteStart;
PRODUCT_NAME = "$(TARGET_NAME)";
                SWIFT_VERSION = 5.5;
TARGETED_DEVICE_FAMILY = "1";
};
name = Debug;
};
TRSTargetRelease /* Release */ = {
isa = XCBuildConfiguration;
buildSettings = {
ASSETCATALOG_COMPILER_APPICON_NAME = AppIcon;
CODE_SIGN_IDENTITY = "Apple Development";
CODE_SIGN_ENTITLEMENTS = TruckRemoteStart.entitlements;
CODE_SIGN_STYLE = Automatic;
DEVELOPMENT_TEAM = "";
INFOPLIST_FILE = Info.plist;
IPHONEOS_DEPLOYMENT_TARGET = 16.0;
LD_RUNPATH_SEARCH_PATHS = "$(inherited) @executable_path/Frameworks";
PRODUCT_BUNDLE_IDENTIFIER = com.example.TruckRemoteStart;
PRODUCT_NAME = "$(TARGET_NAME)";
                SWIFT_VERSION = 5.5;
TARGETED_DEVICE_FAMILY = "1";
};
name = Release;
};
/* End XCBuildConfiguration section */

/* Begin XCConfigurationList section */
TRSProjectConfigList /* Build configuration list for PBXProject "TruckRemoteStart" */ = {
isa = XCConfigurationList;
buildConfigurations = (
TRSProjectDebug /* Debug */,
TRSProjectRelease /* Release */,
);
defaultConfigurationIsVisible = 0;
defaultConfigurationName = Release;
};
TRSTargetConfigList /* Build configuration list for PBXNativeTarget "TruckRemoteStart" */ = {
isa = XCConfigurationList;
buildConfigurations = (
TRSTargetDebug /* Debug */,
TRSTargetRelease /* Release */,
);
defaultConfigurationIsVisible = 0;
defaultConfigurationName = Release;
};
/* End XCConfigurationList section */
};
rootObject = TRSProject /* Project object */;
}
